
Microsoft Visual Studio Solution File, Format Version 12.00
Project("{FAE04EC0-301F-11D3-BF4B-00C04F79EFBC}") = "MyCOLL.Shared", "MyCOLL.Shared\MyCOLL.Shared.csproj", "{F3609A31-411A-465A-B606-FC33E64F44C6}"
EndProject
Project("{FAE04EC0-301F-11D3-BF4B-00C04F79EFBC}") = "MyCOLL.Data", "MyCOLL.Data\MyCOLL.Data.csproj", "{BDF797AF-FCFE-4A2E-957A-9590F67FE3B7}"
EndProject
Project("{FAE04EC0-301F-11D3-BF4B-00C04F79EFBC}") = "MyCOLL.API", "MyCOLL.API\MyCOLL.API.csproj", "{9231268E-D260-4846-9228-FB93C28514CF}"
EndProject
Project("{FAE04EC0-301F-11D3-BF4B-00C04F79EFBC}") = "MyCOLL.Web", "MyCOLL.Web\MyCOLL.Web.csproj", "{A139689A-B4A9-4581-9C94-4FF217ACE897}"
EndProject
Project("{FAE04EC0-301F-11D3-BF4B-00C04F79EFBC}") = "MyCOLL.MAUI", "MyCOLL.MAUI\MyCOLL.MAUI.csproj", "{9BFB8364-3FDD-428B-B86A-F39F3FA91970}"
EndProject
Global
	GlobalSection(SolutionConfigurationPlatforms) = preSolution
		Debug|Any CPU = Debug|Any CPU
		Release|Any CPU = Release|Any CPU
	EndGlobalSection
	GlobalSection(ProjectConfigurationPlatforms) = postSolution
		{F3609A31-411A-465A-B606-FC33E64F44C6}.Debug|Any CPU.ActiveCfg = Debug|Any CPU
		{F3609A31-411A-465A-B606-FC33E64F44C6}.Debug|Any CPU.Build.0 = Debug|Any CPU
		{F3609A31-411A-465A-B606-FC33E64F44C6}.Release|Any CPU.ActiveCfg = Release|Any CPU
		{F3609A31-411A-465A-B606-FC33E64F44C6}.Release|Any CPU.Build.0 = Release|Any CPU
		{BDF797AF-FCFE-4A2E-957A-9590F67FE3B7}.Debug|Any CPU.ActiveCfg = Debug|Any CPU
		{BDF797AF-FCFE-4A2E-957A-9590F67FE3B7}.Debug|Any CPU.Build.0 = Debug|Any CPU
		{BDF797AF-FCFE-4A2E-957A-9590F67FE3B7}.Release|Any CPU.ActiveCfg = Release|Any CPU
		{BDF797AF-FCFE-4A2E-957A-9590F67FE3B7}.Release|Any CPU.Build.0 = Release|Any CPU
		{9231268E-D260-4846-9228-FB93C28514CF}.Debug|Any CPU.ActiveCfg = Debug|Any CPU
		{9231268E-D260-4846-9228-FB93C28514CF}.Debug|Any CPU.Build.0 = Debug|Any CPU
		{9231268E-D260-4846-9228-FB93C28514CF}.Release|Any CPU.ActiveCfg = Release|Any CPU
		{9231268E-D260-4846-9228-FB93C28514CF}.Release|Any CPU.Build.0 = Release|Any CPU
		{A139689A-B4A9-4581-9C94-4FF217ACE897}.Debug|Any CPU.ActiveCfg = Debug|Any CPU
		{A139689A-B4A9-4581-9C94-4FF217ACE897}.Debug|Any CPU.Build.0 = Debug|Any CPU
		{A139689A-B4A9-4581-9C94-4FF217ACE897}.Release|Any CPU.ActiveCfg = Release|Any CPU
		{A139689A-B4A9-4581-9C94-4FF217ACE897}.Release|Any CPU.Build.0 = Release|Any CPU
		{9BFB8364-3FDD-428B-B86A-F39F3FA91970}.Debug|Any CPU.ActiveCfg = Debug|Any CPU
		{9BFB8364-3FDD-428B-B86A-F39F3FA91970}.Debug|Any CPU.Build.0 = Debug|Any CPU
		{9BFB8364-3FDD-428B-B86A-F39F3FA91970}.Release|Any CPU.ActiveCfg = Release|Any CPU
		{9BFB8364-3FDD-428B-B86A-F39F3FA91970}.Release|Any CPU.Build.0 = Release|Any CPU
	EndGlobalSection
EndGlobal
